FORGE
  remote: http://forge.puppetlabs.com
  specs:
    dhutty/nginx (0.0.2)
    ispavailability/logstash (0.3.2)
      puppetlabs/stdlib (>= 3.0.0)
    maestrodev/wget (1.2.0)
    puppetlabs/gcc (0.0.3)
    puppetlabs/git (0.0.2)
    puppetlabs/java (0.3.0)
      puppetlabs/stdlib (>= 0.1.6)
    puppetlabs/ntp (0.3.0)
      puppetlabs/stdlib (>= 0.1.6)
    puppetlabs/stdlib (4.1.0)
    puppetlabs/vcsrepo (0.1.2)
    thomasvandoren/redis (0.0.9)
      maestrodev/wget (>= 0.0.0)
      puppetlabs/gcc (>= 0.0.0)

GIT
  remote: git://github.com/dhutty/puppet-nginx.git
  ref: master
  sha: 595473ae4566b43f0756ec84e32fd4301fe46125
  specs:
    nginx (0.0.2)

GIT
  remote: git@github.com:brucem/puppet-elasticsearch.git
  ref: master
  sha: e9520a4162310505214580bbbe8bf6b521074701
  specs:
    elasticsearch (0.1.0)
      puppetlabs/stdlib (>= 3.0.0)

GIT
  remote: git@github.com:brucem/puppet-kibana3.git
  ref: master
  sha: 07b773a1a88e7db8160d4c475775a0a7caaf2c1e
  specs:
    kibana3 (0.0.1)
      dhutty/nginx (>= 0)
      puppetlabs/git (>= 0)
      puppetlabs/vcsrepo (>= 0)

DEPENDENCIES
  elasticsearch (>= 0)
  ispavailability/logstash (>= 0)
  kibana3 (>= 0)
  nginx (>= 0)
  puppetlabs/java (>= 0)
  puppetlabs/ntp (>= 0)
  thomasvandoren/redis (>= 0)

